<?xml version="1.0" encoding="utf-8"?>
<Project ToolsVersion="4.0" xmlns="http://schemas.microsoft.com/developer/msbuild/2003">
  <ItemGroup>
    <Filter Include="Source Files">
      <UniqueIdentifier>{4FC737F1-C7A5-4376-A066-2A32D752A2FF}</UniqueIdentifier>
      <Extensions>cpp;c;cc;cxx;def;odl;idl;hpj;bat;asm;asmx</Extensions>
    </Filter>
    <Filter Include="Header Files">
      <UniqueIdentifier>{93995380-89BD-4b04-88EB-625FBE52EBFB}</UniqueIdentifier>
      <Extensions>h;hpp;hxx;hm;inl;inc;xsd</Extensions>
    </Filter>
    <Filter Include="Resource Files">
      <UniqueIdentifier>{67DA6AB6-F800-4c08-8B7A-83BB121AAD01}</UniqueIdentifier>
      <Extensions>rc;ico;cur;bmp;dlg;rc2;rct;bin;rgs;gif;jpg;jpeg;jpe;resx;tiff;tif;png;wav;mfcribbon-ms</Extensions>
    </Filter>
    <Filter Include="Header Files\OpenSource">
      <UniqueIdentifier>{77195fc9-ee78-46ee-9012-49d53e81aa8d}</UniqueIdentifier>
    </Filter>
    <Filter Include="Header Files\EnermySprite">
      <UniqueIdentifier>{19ee1ab4-48ff-45fa-96f8-ccdcb05e78db}</UniqueIdentifier>
    </Filter>
    <Filter Include="Header Files\EnermyState">
      <UniqueIdentifier>{86b86484-3671-4377-b4c4-d1c907532f97}</UniqueIdentifier>
    </Filter>
    <Filter Include="Header Files\PlayerState">
      <UniqueIdentifier>{f3d43938-803c-477e-969d-abd241ad6276}</UniqueIdentifier>
    </Filter>
    <Filter Include="Source Files\PlayerState">
      <UniqueIdentifier>{89305dc8-4c15-4eaa-b06f-4537291fd88e}</UniqueIdentifier>
    </Filter>
    <Filter Include="Source Files\Scenes">
      <UniqueIdentifier>{b6b1576f-f31d-499b-86d8-c516cff9e500}</UniqueIdentifier>
    </Filter>
    <Filter Include="Source Files\Enermy">
      <UniqueIdentifier>{a4af12bb-62dc-4c08-a4b5-d7b89263443c}</UniqueIdentifier>
    </Filter>
    <Filter Include="Source Files\Enermy\SoldierRun">
      <UniqueIdentifier>{efb1235f-7c80-4e92-b101-0ff59f0a2973}</UniqueIdentifier>
    </Filter>
    <Filter Include="Source Files\Enermy\Test-Ink">
      <UniqueIdentifier>{6175302f-4c31-4484-a882-832dfb4392ae}</UniqueIdentifier>
    </Filter>
    <Filter Include="Source Files\OpenSource">
      <UniqueIdentifier>{c0a72015-e61b-45fe-9d63-59791e265655}</UniqueIdentifier>
    </Filter>
    <Filter Include="Source Files\EnermySprite">
      <UniqueIdentifier>{c937d7b9-7109-42c0-8677-a9f72579efbc}</UniqueIdentifier>
    </Filter>
    <Filter Include="Header Files\BulletSprite">
      <UniqueIdentifier>{0bcd505f-b60f-4607-a2d5-d9e64fa2d39e}</UniqueIdentifier>
    </Filter>
    <Filter Include="Source Files\BulletSprite">
      <UniqueIdentifier>{f3c3247b-678f-4111-aa9d-dbf693311e65}</UniqueIdentifier>
    </Filter>
    <Filter Include="Source Files\EnermyState">
      <UniqueIdentifier>{90af1356-ff4b-4b75-a686-5579ca463b4d}</UniqueIdentifier>
    </Filter>
    <Filter Include="Source Files\BulletState">
      <UniqueIdentifier>{a9a84666-bca3-44f1-88fb-243644908d65}</UniqueIdentifier>
    </Filter>
    <Filter Include="Header Files\BulletState">
      <UniqueIdentifier>{b107e181-c56c-4574-b176-377768bd50e2}</UniqueIdentifier>
    </Filter>
  </ItemGroup>
  <ItemGroup>
    <ClCompile Include="WindowInit.cpp">
      <Filter>Source Files</Filter>
    </ClCompile>
    <ClCompile Include="Graphics.cpp">
      <Filter>Source Files</Filter>
    </ClCompile>
    <ClCompile Include="Game.cpp">
      <Filter>Source Files</Filter>
    </ClCompile>
    <ClCompile Include="Texture.cpp">
      <Filter>Source Files</Filter>
    </ClCompile>
    <ClCompile Include="TextureArray.cpp">
      <Filter>Source Files</Filter>
    </ClCompile>
    <ClCompile Include="PlayerSprite.cpp">
      <Filter>Source Files</Filter>
    </ClCompile>
    <ClCompile Include="KeyBoard.cpp">
      <Filter>Source Files</Filter>
    </ClCompile>
    <ClCompile Include="ViewPort.cpp">
      <Filter>Source Files</Filter>
    </ClCompile>
    <ClCompile Include="tinyxml.cpp">
      <Filter>Source Files\OpenSource</Filter>
    </ClCompile>
    <ClCompile Include="tinyxmlerror.cpp">
      <Filter>Source Files\OpenSource</Filter>
    </ClCompile>
    <ClCompile Include="tinyxmlparser.cpp">
      <Filter>Source Files\OpenSource</Filter>
    </ClCompile>
    <ClCompile Include="tinystr.cpp">
      <Filter>Source Files\OpenSource</Filter>
    </ClCompile>
    <ClCompile Include="base64.cpp">
      <Filter>Source Files\OpenSource</Filter>
    </ClCompile>
    <ClCompile Include="TileTmx.cpp">
      <Filter>Source Files</Filter>
    </ClCompile>
    <ClCompile Include="TileLayer.cpp">
      <Filter>Source Files</Filter>
    </ClCompile>
    <ClCompile Include="Map.cpp">
      <Filter>Source Files</Filter>
    </ClCompile>
    <ClCompile Include="EnermyCreator.cpp">
      <Filter>Source Files</Filter>
    </ClCompile>
    <ClCompile Include="PlayerJumpingState.cpp">
      <Filter>Source Files\PlayerState</Filter>
    </ClCompile>
    <ClCompile Include="PlayerRunningState.cpp">
      <Filter>Source Files\PlayerState</Filter>
    </ClCompile>
    <ClCompile Include="PlayerStandingState.cpp">
      <Filter>Source Files\PlayerState</Filter>
    </ClCompile>
    <ClCompile Include="RockMansBullet.cpp">
      <Filter>Source Files</Filter>
    </ClCompile>
    <ClCompile Include="SceneManager.cpp">
      <Filter>Source Files</Filter>
    </ClCompile>
    <ClCompile Include="PlayerDivingState.cpp">
      <Filter>Source Files\PlayerState</Filter>
    </ClCompile>
    <ClCompile Include="PlayerSwimmingState.cpp">
      <Filter>Source Files\PlayerState</Filter>
    </ClCompile>
    <ClCompile Include="PlayerClimbingState.cpp">
      <Filter>Source Files\PlayerState</Filter>
    </ClCompile>
    <ClCompile Include="PlayerDeadState.cpp">
      <Filter>Source Files\PlayerState</Filter>
    </ClCompile>
    <ClCompile Include="PlayScene.cpp">
      <Filter>Source Files\Scenes</Filter>
    </ClCompile>
    <ClCompile Include="EnermyInkJumpingState.cpp">
      <Filter>Source Files\Enermy\Test-Ink</Filter>
    </ClCompile>
    <ClCompile Include="EnermyInkStandingState.cpp">
      <Filter>Source Files\Enermy\Test-Ink</Filter>
    </ClCompile>
    <ClCompile Include="EnermyInkSprite.cpp">
      <Filter>Source Files\Enermy\Test-Ink</Filter>
    </ClCompile>
    <ClCompile Include="EnermyGunBoss1Sprite.cpp">
      <Filter>Source Files\EnermySprite</Filter>
    </ClCompile>
    <ClCompile Include="EnermyFinnalBoss1Sprite.cpp">
      <Filter>Source Files\EnermySprite</Filter>
    </ClCompile>
    <ClCompile Include="GunBoss1Bullet.cpp">
      <Filter>Source Files\BulletSprite</Filter>
    </ClCompile>
    <ClCompile Include="PlayerFBullet.cpp">
      <Filter>Source Files\BulletSprite</Filter>
    </ClCompile>
    <ClCompile Include="PlayerMBullet.cpp">
      <Filter>Source Files\BulletSprite</Filter>
    </ClCompile>
    <ClCompile Include="PlayerLBullet.cpp">
      <Filter>Source Files\BulletSprite</Filter>
    </ClCompile>
    <ClCompile Include="EnermyFinalBoss1DeadState.cpp">
      <Filter>Source Files\EnermyState</Filter>
    </ClCompile>
    <ClCompile Include="EnermyFinalBoss1StandingState.cpp">
      <Filter>Source Files\EnermyState</Filter>
    </ClCompile>
    <ClCompile Include="EnermyGunBoss1FiringState.cpp">
      <Filter>Source Files\EnermyState</Filter>
    </ClCompile>
    <ClCompile Include="EnermyGunBoss1DeadState.cpp">
      <Filter>Source Files\EnermyState</Filter>
    </ClCompile>
    <ClCompile Include="EnermyGunBoss1StandingState.cpp">
      <Filter>Source Files\EnermyState</Filter>
    </ClCompile>
    <ClCompile Include="GunBoss1BulletExploringState.cpp">
      <Filter>Source Files\BulletState</Filter>
    </ClCompile>
    <ClCompile Include="..\..\..\..\Visual Studio 2012\Projects\MyFrameWork\MyFrameWork\GunBoss1BulletMovingState.cpp">
      <Filter>Source Files\BulletState</Filter>
    </ClCompile>
    <ClCompile Include="..\..\..\..\Visual Studio 2012\Projects\MyFrameWork\MyFrameWork\PlayerLBullet.cpp">
      <Filter>Source Files\BulletSprite</Filter>
    </ClCompile>
    <ClCompile Include="..\..\..\..\Visual Studio 2012\Projects\MyFrameWork\MyFrameWork\PlayerFBullet.cpp">
      <Filter>Source Files\BulletSprite</Filter>
    </ClCompile>
  </ItemGroup>
  <ItemGroup>
    <ClInclude Include="Graphics.h">
      <Filter>Header Files</Filter>
    </ClInclude>
    <ClInclude Include="Game.h">
      <Filter>Header Files</Filter>
    </ClInclude>
    <ClInclude Include="Texture.h">
      <Filter>Header Files</Filter>
    </ClInclude>
    <ClInclude Include="TextureArray.h">
      <Filter>Header Files</Filter>
    </ClInclude>
    <ClInclude Include="PlayerSprite.h">
      <Filter>Header Files</Filter>
    </ClInclude>
    <ClInclude Include="SpriteData.h">
      <Filter>Header Files</Filter>
    </ClInclude>
    <ClInclude Include="SpriteState.h">
      <Filter>Header Files</Filter>
    </ClInclude>
    <ClInclude Include="Sprite.h">
      <Filter>Header Files</Filter>
    </ClInclude>
    <ClInclude Include="KeyBoard.h">
      <Filter>Header Files</Filter>
    </ClInclude>
    <ClInclude Include="Direction.h">
      <Filter>Header Files</Filter>
    </ClInclude>
    <ClInclude Include="Rect.h">
      <Filter>Header Files</Filter>
    </ClInclude>
    <ClInclude Include="Camera.h">
      <Filter>Header Files</Filter>
    </ClInclude>
    <ClInclude Include="ViewPort.h">
      <Filter>Header Files</Filter>
    </ClInclude>
    <ClInclude Include="QuadTree.h">
      <Filter>Header Files</Filter>
    </ClInclude>
    <ClInclude Include="tinystr.h">
      <Filter>Header Files\OpenSource</Filter>
    </ClInclude>
    <ClInclude Include="tinyxml.h">
      <Filter>Header Files\OpenSource</Filter>
    </ClInclude>
    <ClInclude Include="TileSet.h">
      <Filter>Header Files</Filter>
    </ClInclude>
    <ClInclude Include="Layer.h">
      <Filter>Header Files</Filter>
    </ClInclude>
    <ClInclude Include="TileLayer.h">
      <Filter>Header Files</Filter>
    </ClInclude>
    <ClInclude Include="zconf.h">
      <Filter>Header Files\OpenSource</Filter>
    </ClInclude>
    <ClInclude Include="zlib.h">
      <Filter>Header Files\OpenSource</Filter>
    </ClInclude>
    <ClInclude Include="base64.h">
      <Filter>Header Files\OpenSource</Filter>
    </ClInclude>
    <ClInclude Include="TileTmx.h">
      <Filter>Header Files</Filter>
    </ClInclude>
    <ClInclude Include="PlayerData.h">
      <Filter>Header Files</Filter>
    </ClInclude>
    <ClInclude Include="Map.h">
      <Filter>Header Files</Filter>
    </ClInclude>
    <ClInclude Include="EnermyCreator.h">
      <Filter>Header Files</Filter>
    </ClInclude>
    <ClInclude Include="Object.h">
      <Filter>Header Files</Filter>
    </ClInclude>
    <ClInclude Include="EnermySprite.h">
      <Filter>Header Files\EnermySprite</Filter>
    </ClInclude>
    <ClInclude Include="PlayerClimbingState.h">
      <Filter>Header Files\PlayerState</Filter>
    </ClInclude>
    <ClInclude Include="PlayerJumpingState.h">
      <Filter>Header Files\PlayerState</Filter>
    </ClInclude>
    <ClInclude Include="PlayerRunningState.h">
      <Filter>Header Files\PlayerState</Filter>
    </ClInclude>
    <ClInclude Include="BulletSprite.h">
      <Filter>Header Files</Filter>
    </ClInclude>
    <ClInclude Include="RockMansBullet.h">
      <Filter>Header Files</Filter>
    </ClInclude>
    <ClInclude Include="RockMansBulletMoving.h">
      <Filter>Header Files</Filter>
    </ClInclude>
    <ClInclude Include="BulletState.h">
      <Filter>Header Files</Filter>
    </ClInclude>
    <ClInclude Include="BulletMovingState.h">
      <Filter>Header Files</Filter>
    </ClInclude>
    <ClInclude Include="PlayerState.h">
      <Filter>Header Files\PlayerState</Filter>
    </ClInclude>
    <ClInclude Include="EnermyData.h">
      <Filter>Header Files</Filter>
    </ClInclude>
    <ClInclude Include="Scene.h">
      <Filter>Header Files</Filter>
    </ClInclude>
    <ClInclude Include="MenuScene.h">
      <Filter>Header Files</Filter>
    </ClInclude>
    <ClInclude Include="SceneManager.h">
      <Filter>Header Files</Filter>
    </ClInclude>
    <ClInclude Include="CollisionRect.h">
      <Filter>Header Files</Filter>
    </ClInclude>
    <ClInclude Include="PlayerStandingState.h">
      <Filter>Header Files\PlayerState</Filter>
    </ClInclude>
    <ClInclude Include="PlayerDivingState.h">
      <Filter>Header Files\PlayerState</Filter>
    </ClInclude>
    <ClInclude Include="PlayerSwimmingState.h">
      <Filter>Header Files\PlayerState</Filter>
    </ClInclude>
    <ClInclude Include="PlayerDeadState.h">
      <Filter>Header Files\PlayerState</Filter>
    </ClInclude>
    <ClInclude Include="PlayScene.h">
      <Filter>Source Files\Scenes</Filter>
    </ClInclude>
    <ClInclude Include="EnermyState.h">
      <Filter>Header Files\EnermyState</Filter>
    </ClInclude>
    <ClInclude Include="EnermyInkJumpingState.h">
      <Filter>Source Files\Enermy\Test-Ink</Filter>
    </ClInclude>
    <ClInclude Include="EnermyInkStandingState.h">
      <Filter>Source Files\Enermy\Test-Ink</Filter>
    </ClInclude>
    <ClInclude Include="EnermyInkSprite.h">
      <Filter>Source Files\Enermy\Test-Ink</Filter>
    </ClInclude>
    <ClInclude Include="EnermyGunBoss1Sprite.h">
      <Filter>Header Files\EnermySprite</Filter>
    </ClInclude>
    <ClInclude Include="EnermyFinalBoss1DeadState.h">
      <Filter>Header Files\EnermyState</Filter>
    </ClInclude>
    <ClInclude Include="EnermyFinalBoss1StandingState.h">
      <Filter>Header Files\EnermyState</Filter>
    </ClInclude>
    <ClInclude Include="EnermyGunBoss1DeadState.h">
      <Filter>Header Files\EnermyState</Filter>
    </ClInclude>
    <ClInclude Include="EnermyGunBoss1FiringState.h">
      <Filter>Header Files\EnermyState</Filter>
    </ClInclude>
    <ClInclude Include="EnermyGunBoss1StandingState.h">
      <Filter>Header Files\EnermyState</Filter>
    </ClInclude>
    <ClInclude Include="EnermyFinalBoss1Sprite.h">
      <Filter>Header Files\EnermySprite</Filter>
    </ClInclude>
    <ClInclude Include="..\..\..\..\Visual Studio 2012\Projects\MyFrameWork\MyFrameWork\PlayerFBullet.h">
      <Filter>Header Files\BulletSprite</Filter>
    </ClInclude>
    <ClInclude Include="..\..\..\..\Visual Studio 2012\Projects\MyFrameWork\MyFrameWork\PlayerLBullet.h">
      <Filter>Header Files\BulletSprite</Filter>
    </ClInclude>
    <ClInclude Include="PlayerMBullet.h">
      <Filter>Header Files\BulletSprite</Filter>
    </ClInclude>
    <ClInclude Include="GunBoss1Bullet.h">
      <Filter>Header Files\BulletSprite</Filter>
    </ClInclude>
    <ClInclude Include="..\..\..\..\Visual Studio 2012\Projects\MyFrameWork\MyFrameWork\PlayerMBulletMovingState.h">
      <Filter>Header Files\BulletState</Filter>
    </ClInclude>
    <ClInclude Include="..\..\..\..\Visual Studio 2012\Projects\MyFrameWork\MyFrameWork\PlayerFBulletMovingState.h">
      <Filter>Header Files\BulletState</Filter>
    </ClInclude>
    <ClInclude Include="GunBoss1BulletExploringState.h">
      <Filter>Header Files\BulletState</Filter>
    </ClInclude>
    <ClInclude Include="..\..\..\..\Visual Studio 2012\Projects\MyFrameWork\MyFrameWork\GunBoss1BulletMovingState.h">
      <Filter>Header Files\BulletState</Filter>
    </ClInclude>
  </ItemGroup>
</Project>